
Microsoft Visual Studio Solution File, Format Version 12.00
# Visual Studio Version 17
VisualStudioVersion = 17.4.33213.308
MinimumVisualStudioVersion = 10.0.40219.1
Project("{FAE04EC0-301F-11D3-BF4B-00C04F79EFBC}") = "clipperLib", "clipper\clipperLib.csproj", "{9B062971-A88E-4A3D-B3C9-12B78D15FA66}"
EndProject
Project("{FAE04EC0-301F-11D3-BF4B-00C04F79EFBC}") = "Triangle", "Triangle\Triangle.csproj", "{5A12C4A1-BC07-4F18-82B5-B08E150025DF}"
EndProject
Project("{FAE04EC0-301F-11D3-BF4B-00C04F79EFBC}") = "OpenCAD", "OpenCAD\OpenCAD.csproj", "{C61F402E-9B03-435A-A819-B3E277E53514}"
EndProject
Project("{FAE04EC0-301F-11D3-BF4B-00C04F79EFBC}") = "OpenCAD.Lib", "OpenCADLib\OpenCAD.Lib.csproj", "{05537B4A-4A48-403C-A61B-9ECA33EF559B}"
EndProject
Project("{9A19103F-16F7-4668-BE54-9A1E7A4F7556}") = "IxMilia.Iges", "IxMilia.Iges\IxMilia.Iges.csproj", "{D8A1FAF5-4EB0-41AF-847E-4300E5B49FFF}"
EndProject
Project("{FAE04EC0-301F-11D3-BF4B-00C04F79EFBC}") = "BREP", "BREP\BREP.csproj", "{B8D3FC7A-18BC-487B-8A02-EB446A2C6079}"
EndProject
Project("{8BC9CEB8-8B4A-11D0-8D11-00A0C91BC942}") = "OpenCascade.Lib", "OpenCascade.Lib\OpenCascade.Lib.vcxproj", "{1FBFC773-018B-4818-B4B4-96B6C78514B5}"
EndProject
Global
	GlobalSection(SolutionConfigurationPlatforms) = preSolution
		Debug|Any CPU = Debug|Any CPU
		Debug|x64 = Debug|x64
		Debug|x86 = Debug|x86
		Release|Any CPU = Release|Any CPU
		Release|x64 = Release|x64
		Release|x86 = Release|x86
	EndGlobalSection
	GlobalSection(ProjectConfigurationPlatforms) = postSolution
		{9B062971-A88E-4A3D-B3C9-12B78D15FA66}.Debug|Any CPU.ActiveCfg = Debug|Any CPU
		{9B062971-A88E-4A3D-B3C9-12B78D15FA66}.Debug|Any CPU.Build.0 = Debug|Any CPU
		{9B062971-A88E-4A3D-B3C9-12B78D15FA66}.Debug|x64.ActiveCfg = Debug|Any CPU
		{9B062971-A88E-4A3D-B3C9-12B78D15FA66}.Debug|x64.Build.0 = Debug|Any CPU
		{9B062971-A88E-4A3D-B3C9-12B78D15FA66}.Debug|x86.ActiveCfg = Debug|Any CPU
		{9B062971-A88E-4A3D-B3C9-12B78D15FA66}.Debug|x86.Build.0 = Debug|Any CPU
		{9B062971-A88E-4A3D-B3C9-12B78D15FA66}.Release|Any CPU.ActiveCfg = Release|Any CPU
		{9B062971-A88E-4A3D-B3C9-12B78D15FA66}.Release|Any CPU.Build.0 = Release|Any CPU
		{9B062971-A88E-4A3D-B3C9-12B78D15FA66}.Release|x64.ActiveCfg = Release|Any CPU
		{9B062971-A88E-4A3D-B3C9-12B78D15FA66}.Release|x64.Build.0 = Release|Any CPU
		{9B062971-A88E-4A3D-B3C9-12B78D15FA66}.Release|x86.ActiveCfg = Release|Any CPU
		{9B062971-A88E-4A3D-B3C9-12B78D15FA66}.Release|x86.Build.0 = Release|Any CPU
		{5A12C4A1-BC07-4F18-82B5-B08E150025DF}.Debug|Any CPU.ActiveCfg = Debug|Any CPU
		{5A12C4A1-BC07-4F18-82B5-B08E150025DF}.Debug|Any CPU.Build.0 = Debug|Any CPU
		{5A12C4A1-BC07-4F18-82B5-B08E150025DF}.Debug|x64.ActiveCfg = Debug|Any CPU
		{5A12C4A1-BC07-4F18-82B5-B08E150025DF}.Debug|x64.Build.0 = Debug|Any CPU
		{5A12C4A1-BC07-4F18-82B5-B08E150025DF}.Debug|x86.ActiveCfg = Debug|Any CPU
		{5A12C4A1-BC07-4F18-82B5-B08E150025DF}.Debug|x86.Build.0 = Debug|Any CPU
		{5A12C4A1-BC07-4F18-82B5-B08E150025DF}.Release|Any CPU.ActiveCfg = Release|Any CPU
		{5A12C4A1-BC07-4F18-82B5-B08E150025DF}.Release|Any CPU.Build.0 = Release|Any CPU
		{5A12C4A1-BC07-4F18-82B5-B08E150025DF}.Release|x64.ActiveCfg = Release|Any CPU
		{5A12C4A1-BC07-4F18-82B5-B08E150025DF}.Release|x64.Build.0 = Release|Any CPU
		{5A12C4A1-BC07-4F18-82B5-B08E150025DF}.Release|x86.ActiveCfg = Release|Any CPU
		{5A12C4A1-BC07-4F18-82B5-B08E150025DF}.Release|x86.Build.0 = Release|Any CPU
		{C61F402E-9B03-435A-A819-B3E277E53514}.Debug|Any CPU.ActiveCfg = Debug|Any CPU
		{C61F402E-9B03-435A-A819-B3E277E53514}.Debug|Any CPU.Build.0 = Debug|Any CPU
		{C61F402E-9B03-435A-A819-B3E277E53514}.Debug|x64.ActiveCfg = Debug|Any CPU
		{C61F402E-9B03-435A-A819-B3E277E53514}.Debug|x64.Build.0 = Debug|Any CPU
		{C61F402E-9B03-435A-A819-B3E277E53514}.Debug|x86.ActiveCfg = Debug|Any CPU
		{C61F402E-9B03-435A-A819-B3E277E53514}.Debug|x86.Build.0 = Debug|Any CPU
		{C61F402E-9B03-435A-A819-B3E277E53514}.Release|Any CPU.ActiveCfg = Release|Any CPU
		{C61F402E-9B03-435A-A819-B3E277E53514}.Release|Any CPU.Build.0 = Release|Any CPU
		{C61F402E-9B03-435A-A819-B3E277E53514}.Release|x64.ActiveCfg = Release|Any CPU
		{C61F402E-9B03-435A-A819-B3E277E53514}.Release|x64.Build.0 = Release|Any CPU
		{C61F402E-9B03-435A-A819-B3E277E53514}.Release|x86.ActiveCfg = Release|Any CPU
		{C61F402E-9B03-435A-A819-B3E277E53514}.Release|x86.Build.0 = Release|Any CPU
		{05537B4A-4A48-403C-A61B-9ECA33EF559B}.Debug|Any CPU.ActiveCfg = Debug|Any CPU
		{05537B4A-4A48-403C-A61B-9ECA33EF559B}.Debug|Any CPU.Build.0 = Debug|Any CPU
		{05537B4A-4A48-403C-A61B-9ECA33EF559B}.Debug|x64.ActiveCfg = Debug|Any CPU
		{05537B4A-4A48-403C-A61B-9ECA33EF559B}.Debug|x64.Build.0 = Debug|Any CPU
		{05537B4A-4A48-403C-A61B-9ECA33EF559B}.Debug|x86.ActiveCfg = Debug|Any CPU
		{05537B4A-4A48-403C-A61B-9ECA33EF559B}.Debug|x86.Build.0 = Debug|Any CPU
		{05537B4A-4A48-403C-A61B-9ECA33EF559B}.Release|Any CPU.ActiveCfg = Release|Any CPU
		{05537B4A-4A48-403C-A61B-9ECA33EF559B}.Release|Any CPU.Build.0 = Release|Any CPU
		{05537B4A-4A48-403C-A61B-9ECA33EF559B}.Release|x64.ActiveCfg = Release|Any CPU
		{05537B4A-4A48-403C-A61B-9ECA33EF559B}.Release|x64.Build.0 = Release|Any CPU
		{05537B4A-4A48-403C-A61B-9ECA33EF559B}.Release|x86.ActiveCfg = Release|Any CPU
		{05537B4A-4A48-403C-A61B-9ECA33EF559B}.Release|x86.Build.0 = Release|Any CPU
		{D8A1FAF5-4EB0-41AF-847E-4300E5B49FFF}.Debug|Any CPU.ActiveCfg = Debug|Any CPU
		{D8A1FAF5-4EB0-41AF-847E-4300E5B49FFF}.Debug|Any CPU.Build.0 = Debug|Any CPU
		{D8A1FAF5-4EB0-41AF-847E-4300E5B49FFF}.Debug|x64.ActiveCfg = Debug|Any CPU
		{D8A1FAF5-4EB0-41AF-847E-4300E5B49FFF}.Debug|x64.Build.0 = Debug|Any CPU
		{D8A1FAF5-4EB0-41AF-847E-4300E5B49FFF}.Debug|x86.ActiveCfg = Debug|Any CPU
		{D8A1FAF5-4EB0-41AF-847E-4300E5B49FFF}.Debug|x86.Build.0 = Debug|Any CPU
		{D8A1FAF5-4EB0-41AF-847E-4300E5B49FFF}.Release|Any CPU.ActiveCfg = Release|Any CPU
		{D8A1FAF5-4EB0-41AF-847E-4300E5B49FFF}.Release|Any CPU.Build.0 = Release|Any CPU
		{D8A1FAF5-4EB0-41AF-847E-4300E5B49FFF}.Release|x64.ActiveCfg = Release|Any CPU
		{D8A1FAF5-4EB0-41AF-847E-4300E5B49FFF}.Release|x64.Build.0 = Release|Any CPU
		{D8A1FAF5-4EB0-41AF-847E-4300E5B49FFF}.Release|x86.ActiveCfg = Release|Any CPU
		{D8A1FAF5-4EB0-41AF-847E-4300E5B49FFF}.Release|x86.Build.0 = Release|Any CPU
		{B8D3FC7A-18BC-487B-8A02-EB446A2C6079}.Debug|Any CPU.ActiveCfg = Debug|Any CPU
		{B8D3FC7A-18BC-487B-8A02-EB446A2C6079}.Debug|Any CPU.Build.0 = Debug|Any CPU
		{B8D3FC7A-18BC-487B-8A02-EB446A2C6079}.Debug|x64.ActiveCfg = Debug|Any CPU
		{B8D3FC7A-18BC-487B-8A02-EB446A2C6079}.Debug|x64.Build.0 = Debug|Any CPU
		{B8D3FC7A-18BC-487B-8A02-EB446A2C6079}.Debug|x86.ActiveCfg = Debug|Any CPU
		{B8D3FC7A-18BC-487B-8A02-EB446A2C6079}.Debug|x86.Build.0 = Debug|Any CPU
		{B8D3FC7A-18BC-487B-8A02-EB446A2C6079}.Release|Any CPU.ActiveCfg = Release|Any CPU
		{B8D3FC7A-18BC-487B-8A02-EB446A2C6079}.Release|Any CPU.Build.0 = Release|Any CPU
		{B8D3FC7A-18BC-487B-8A02-EB446A2C6079}.Release|x64.ActiveCfg = Release|Any CPU
		{B8D3FC7A-18BC-487B-8A02-EB446A2C6079}.Release|x64.Build.0 = Release|Any CPU
		{B8D3FC7A-18BC-487B-8A02-EB446A2C6079}.Release|x86.ActiveCfg = Release|Any CPU
		{B8D3FC7A-18BC-487B-8A02-EB446A2C6079}.Release|x86.Build.0 = Release|Any CPU
		{1FBFC773-018B-4818-B4B4-96B6C78514B5}.Debug|Any CPU.ActiveCfg = Debug|x64
		{1FBFC773-018B-4818-B4B4-96B6C78514B5}.Debug|Any CPU.Build.0 = Debug|x64
		{1FBFC773-018B-4818-B4B4-96B6C78514B5}.Debug|x64.ActiveCfg = Debug|x64
		{1FBFC773-018B-4818-B4B4-96B6C78514B5}.Debug|x64.Build.0 = Debug|x64
		{1FBFC773-018B-4818-B4B4-96B6C78514B5}.Debug|x86.ActiveCfg = Debug|Win32
		{1FBFC773-018B-4818-B4B4-96B6C78514B5}.Debug|x86.Build.0 = Debug|Win32
		{1FBFC773-018B-4818-B4B4-96B6C78514B5}.Release|Any CPU.ActiveCfg = Release|x64
		{1FBFC773-018B-4818-B4B4-96B6C78514B5}.Release|Any CPU.Build.0 = Release|x64
		{1FBFC773-018B-4818-B4B4-96B6C78514B5}.Release|x64.ActiveCfg = Release|x64
		{1FBFC773-018B-4818-B4B4-96B6C78514B5}.Release|x64.Build.0 = Release|x64
		{1FBFC773-018B-4818-B4B4-96B6C78514B5}.Release|x86.ActiveCfg = Release|Win32
		{1FBFC773-018B-4818-B4B4-96B6C78514B5}.Release|x86.Build.0 = Release|Win32
	EndGlobalSection
	GlobalSection(SolutionProperties) = preSolution
		HideSolutionNode = FALSE
	EndGlobalSection
	GlobalSection(ExtensibilityGlobals) = postSolution
		SolutionGuid = {FF6359ED-2C7C-47E4-A6B1-BE645C052BE3}
	EndGlobalSection
EndGlobal
